
Microsoft Visual Studio Solution File, Format Version 12.00
# Visual Studio Version 17
VisualStudioVersion = 17.4.33205.214
MinimumVisualStudioVersion = 10.0.40219.1
Project("{FAE04EC0-301F-11D3-BF4B-00C04F79EFBC}") = "VK TEST", "VK TEST.csproj", "{8B5EE099-6C92-4130-AB18-FC9AFD6880FB}"
EndProject
Global
	GlobalSection(SolutionConfigurationPlatforms) = preSolution
		Debug|Any CPU = Debug|Any CPU
		Release|Any CPU = Release|Any CPU
	EndGlobalSection
	GlobalSection(ProjectConfigurationPlatforms) = postSolution
		{8B5EE099-6C92-4130-AB18-FC9AFD6880FB}.Debug|Any CPU.ActiveCfg = Debug|Any CPU
		{8B5EE099-6C92-4130-AB18-FC9AFD6880FB}.Debug|Any CPU.Build.0 = Debug|Any CPU
		{8B5EE099-6C92-4130-AB18-FC9AFD6880FB}.Release|Any CPU.ActiveCfg = Release|Any CPU
		{8B5EE099-6C92-4130-AB18-FC9AFD6880FB}.Release|Any CPU.Build.0 = Release|Any CPU
	EndGlobalSection
	GlobalSection(SolutionProperties) = preSolution
		HideSolutionNode = FALSE
	EndGlobalSection
	GlobalSection(ExtensibilityGlobals) = postSolution
		SolutionGuid = {91BF01E2-0052-4A6C-9631-0F901A34CC03}
	EndGlobalSection
EndGlobal
